
Microsoft Visual Studio Solution File, Format Version 12.00
# Visual Studio Version 17
VisualStudioVersion = 17.5.33414.496
MinimumVisualStudioVersion = 10.0.40219.1
Project("{FAE04EC0-301F-11D3-BF4B-00C04F79EFBC}") = "Exercicios", "Exercicio6_2\Exercicios.csproj", "{8E37F31D-4B5B-48D4-A0F5-C4E0433449EB}"
EndProject
Global
	GlobalSection(SolutionConfigurationPlatforms) = preSolution
		Debug|Any CPU = Debug|Any CPU
		Release|Any CPU = Release|Any CPU
	EndGlobalSection
	GlobalSection(ProjectConfigurationPlatforms) = postSolution
		{8E37F31D-4B5B-48D4-A0F5-C4E0433449EB}.Debug|Any CPU.ActiveCfg = Debug|Any CPU
		{8E37F31D-4B5B-48D4-A0F5-C4E0433449EB}.Debug|Any CPU.Build.0 = Debug|Any CPU
		{8E37F31D-4B5B-48D4-A0F5-C4E0433449EB}.Release|Any CPU.ActiveCfg = Release|Any CPU
		{8E37F31D-4B5B-48D4-A0F5-C4E0433449EB}.Release|Any CPU.Build.0 = Release|Any CPU
	EndGlobalSection
	GlobalSection(SolutionProperties) = preSolution
		HideSolutionNode = FALSE
	EndGlobalSection
	GlobalSection(ExtensibilityGlobals) = postSolution
		SolutionGuid = {61B6863B-6A8F-4B12-8A8F-F9E602CD0128}
	EndGlobalSection
EndGlobal
