
Microsoft Visual Studio Solution File, Format Version 12.00
# Visual Studio Version 17
VisualStudioVersion = 17.5.33414.496
MinimumVisualStudioVersion = 10.0.40219.1
Project("{FAE04EC0-301F-11D3-BF4B-00C04F79EFBC}") = "Aula27022023", "Aula27022023.csproj", "{9E748E5D-80CF-45FE-8573-307510AC0ACF}"
EndProject
Global
	GlobalSection(SolutionConfigurationPlatforms) = preSolution
		Debug|Any CPU = Debug|Any CPU
		Release|Any CPU = Release|Any CPU
	EndGlobalSection
	GlobalSection(ProjectConfigurationPlatforms) = postSolution
		{9E748E5D-80CF-45FE-8573-307510AC0ACF}.Debug|Any CPU.ActiveCfg = Debug|Any CPU
		{9E748E5D-80CF-45FE-8573-307510AC0ACF}.Debug|Any CPU.Build.0 = Debug|Any CPU
		{9E748E5D-80CF-45FE-8573-307510AC0ACF}.Release|Any CPU.ActiveCfg = Release|Any CPU
		{9E748E5D-80CF-45FE-8573-307510AC0ACF}.Release|Any CPU.Build.0 = Release|Any CPU
	EndGlobalSection
	GlobalSection(SolutionProperties) = preSolution
		HideSolutionNode = FALSE
	EndGlobalSection
	GlobalSection(ExtensibilityGlobals) = postSolution
		SolutionGuid = {7FC970EE-CED0-4295-9FA1-7AABE0C72F4D}
	EndGlobalSection
EndGlobal
