
Microsoft Visual Studio Solution File, Format Version 12.00
# Visual Studio Version 17
VisualStudioVersion = 17.0.31919.166
MinimumVisualStudioVersion = 10.0.40219.1
Project("{9A19103F-16F7-4668-BE54-9A1E7A4F7556}") = "Atividade4.1", "Atividade1\Atividade4.1.csproj", "{B6165885-021E-4A9F-82F8-593C2B271642}"
EndProject
Project("{9A19103F-16F7-4668-BE54-9A1E7A4F7556}") = "Atividade4.2", "Atividade2\Atividade4.2.csproj", "{2F10AEC7-5F8B-4017-8EC6-484B40EC1F73}"
EndProject
Project("{9A19103F-16F7-4668-BE54-9A1E7A4F7556}") = "Atividade4.3", "Atividade3\Atividade4.3.csproj", "{9931FC2F-0751-4B54-B6D4-6BF2AC47A94A}"
EndProject
Project("{9A19103F-16F7-4668-BE54-9A1E7A4F7556}") = "Atividade4.4", "Atividade4.4\Atividade4.4.csproj", "{92E32404-22D7-4A2A-B75E-23E6EA8C3CB9}"
EndProject
Project("{9A19103F-16F7-4668-BE54-9A1E7A4F7556}") = "Atividade4.5", "Atividade4.5\Atividade4.5.csproj", "{6BFA6661-3135-42C3-ABDC-45D925B776AF}"
EndProject
Project("{FAE04EC0-301F-11D3-BF4B-00C04F79EFBC}") = "Atividade4.6", "Atividade4.6\Atividade4.6.csproj", "{8B10A732-2E59-4148-A573-AF65AD849DE7}"
EndProject
Project("{FAE04EC0-301F-11D3-BF4B-00C04F79EFBC}") = "Atividade4.7", "Atividade4.7\Atividade4.7.csproj", "{04F46F98-11DC-4A9C-91AB-D9917F6B4337}"
EndProject
Project("{FAE04EC0-301F-11D3-BF4B-00C04F79EFBC}") = "Atividade4.8", "Atividade4.8\Atividade4.8.csproj", "{ABABC0A4-1244-4950-BC85-D576D88370DF}"
EndProject
Project("{FAE04EC0-301F-11D3-BF4B-00C04F79EFBC}") = "Atividade4.9", "Atividade4.9\Atividade4.9.csproj", "{75AF9A2C-DE44-49F2-ADA7-4D628E60B0EF}"
EndProject
Project("{FAE04EC0-301F-11D3-BF4B-00C04F79EFBC}") = "Atividade4.10", "Atividade4.10\Atividade4.10.csproj", "{51772F82-BBDE-43EA-9F4B-C26B1388F0DC}"
EndProject
Global
	GlobalSection(SolutionConfigurationPlatforms) = preSolution
		Debug|Any CPU = Debug|Any CPU
		Release|Any CPU = Release|Any CPU
	EndGlobalSection
	GlobalSection(ProjectConfigurationPlatforms) = postSolution
		{B6165885-021E-4A9F-82F8-593C2B271642}.Debug|Any CPU.ActiveCfg = Debug|Any CPU
		{B6165885-021E-4A9F-82F8-593C2B271642}.Debug|Any CPU.Build.0 = Debug|Any CPU
		{B6165885-021E-4A9F-82F8-593C2B271642}.Release|Any CPU.ActiveCfg = Release|Any CPU
		{B6165885-021E-4A9F-82F8-593C2B271642}.Release|Any CPU.Build.0 = Release|Any CPU
		{2F10AEC7-5F8B-4017-8EC6-484B40EC1F73}.Debug|Any CPU.ActiveCfg = Debug|Any CPU
		{2F10AEC7-5F8B-4017-8EC6-484B40EC1F73}.Debug|Any CPU.Build.0 = Debug|Any CPU
		{2F10AEC7-5F8B-4017-8EC6-484B40EC1F73}.Release|Any CPU.ActiveCfg = Release|Any CPU
		{2F10AEC7-5F8B-4017-8EC6-484B40EC1F73}.Release|Any CPU.Build.0 = Release|Any CPU
		{9931FC2F-0751-4B54-B6D4-6BF2AC47A94A}.Debug|Any CPU.ActiveCfg = Debug|Any CPU
		{9931FC2F-0751-4B54-B6D4-6BF2AC47A94A}.Debug|Any CPU.Build.0 = Debug|Any CPU
		{9931FC2F-0751-4B54-B6D4-6BF2AC47A94A}.Release|Any CPU.ActiveCfg = Release|Any CPU
		{9931FC2F-0751-4B54-B6D4-6BF2AC47A94A}.Release|Any CPU.Build.0 = Release|Any CPU
		{92E32404-22D7-4A2A-B75E-23E6EA8C3CB9}.Debug|Any CPU.ActiveCfg = Debug|Any CPU
		{92E32404-22D7-4A2A-B75E-23E6EA8C3CB9}.Debug|Any CPU.Build.0 = Debug|Any CPU
		{92E32404-22D7-4A2A-B75E-23E6EA8C3CB9}.Release|Any CPU.ActiveCfg = Release|Any CPU
		{92E32404-22D7-4A2A-B75E-23E6EA8C3CB9}.Release|Any CPU.Build.0 = Release|Any CPU
		{6BFA6661-3135-42C3-ABDC-45D925B776AF}.Debug|Any CPU.ActiveCfg = Debug|Any CPU
		{6BFA6661-3135-42C3-ABDC-45D925B776AF}.Debug|Any CPU.Build.0 = Debug|Any CPU
		{6BFA6661-3135-42C3-ABDC-45D925B776AF}.Release|Any CPU.ActiveCfg = Release|Any CPU
		{6BFA6661-3135-42C3-ABDC-45D925B776AF}.Release|Any CPU.Build.0 = Release|Any CPU
		{8B10A732-2E59-4148-A573-AF65AD849DE7}.Debug|Any CPU.ActiveCfg = Debug|Any CPU
		{8B10A732-2E59-4148-A573-AF65AD849DE7}.Debug|Any CPU.Build.0 = Debug|Any CPU
		{8B10A732-2E59-4148-A573-AF65AD849DE7}.Release|Any CPU.ActiveCfg = Release|Any CPU
		{8B10A732-2E59-4148-A573-AF65AD849DE7}.Release|Any CPU.Build.0 = Release|Any CPU
		{04F46F98-11DC-4A9C-91AB-D9917F6B4337}.Debug|Any CPU.ActiveCfg = Debug|Any CPU
		{04F46F98-11DC-4A9C-91AB-D9917F6B4337}.Debug|Any CPU.Build.0 = Debug|Any CPU
		{04F46F98-11DC-4A9C-91AB-D9917F6B4337}.Release|Any CPU.ActiveCfg = Release|Any CPU
		{04F46F98-11DC-4A9C-91AB-D9917F6B4337}.Release|Any CPU.Build.0 = Release|Any CPU
		{ABABC0A4-1244-4950-BC85-D576D88370DF}.Debug|Any CPU.ActiveCfg = Debug|Any CPU
		{ABABC0A4-1244-4950-BC85-D576D88370DF}.Debug|Any CPU.Build.0 = Debug|Any CPU
		{ABABC0A4-1244-4950-BC85-D576D88370DF}.Release|Any CPU.ActiveCfg = Release|Any CPU
		{ABABC0A4-1244-4950-BC85-D576D88370DF}.Release|Any CPU.Build.0 = Release|Any CPU
		{75AF9A2C-DE44-49F2-ADA7-4D628E60B0EF}.Debug|Any CPU.ActiveCfg = Debug|Any CPU
		{75AF9A2C-DE44-49F2-ADA7-4D628E60B0EF}.Debug|Any CPU.Build.0 = Debug|Any CPU
		{75AF9A2C-DE44-49F2-ADA7-4D628E60B0EF}.Release|Any CPU.ActiveCfg = Release|Any CPU
		{75AF9A2C-DE44-49F2-ADA7-4D628E60B0EF}.Release|Any CPU.Build.0 = Release|Any CPU
		{51772F82-BBDE-43EA-9F4B-C26B1388F0DC}.Debug|Any CPU.ActiveCfg = Debug|Any CPU
		{51772F82-BBDE-43EA-9F4B-C26B1388F0DC}.Debug|Any CPU.Build.0 = Debug|Any CPU
		{51772F82-BBDE-43EA-9F4B-C26B1388F0DC}.Release|Any CPU.ActiveCfg = Release|Any CPU
		{51772F82-BBDE-43EA-9F4B-C26B1388F0DC}.Release|Any CPU.Build.0 = Release|Any CPU
	EndGlobalSection
	GlobalSection(SolutionProperties) = preSolution
		HideSolutionNode = FALSE
	EndGlobalSection
	GlobalSection(ExtensibilityGlobals) = postSolution
		SolutionGuid = {B4255F64-10DB-467F-AA48-6C1F331296CB}
	EndGlobalSection
EndGlobal
