
Microsoft Visual Studio Solution File, Format Version 12.00
# Visual Studio Version 17
VisualStudioVersion = 17.5.33414.496
MinimumVisualStudioVersion = 10.0.40219.1
Project("{FAE04EC0-301F-11D3-BF4B-00C04F79EFBC}") = "AtividadeLista", "AtividadeLista\AtividadeLista.csproj", "{0C402732-590F-403A-B371-9B94C37541EC}"
EndProject
Global
	GlobalSection(SolutionConfigurationPlatforms) = preSolution
		Debug|Any CPU = Debug|Any CPU
		Release|Any CPU = Release|Any CPU
	EndGlobalSection
	GlobalSection(ProjectConfigurationPlatforms) = postSolution
		{0C402732-590F-403A-B371-9B94C37541EC}.Debug|Any CPU.ActiveCfg = Debug|Any CPU
		{0C402732-590F-403A-B371-9B94C37541EC}.Debug|Any CPU.Build.0 = Debug|Any CPU
		{0C402732-590F-403A-B371-9B94C37541EC}.Release|Any CPU.ActiveCfg = Release|Any CPU
		{0C402732-590F-403A-B371-9B94C37541EC}.Release|Any CPU.Build.0 = Release|Any CPU
	EndGlobalSection
	GlobalSection(SolutionProperties) = preSolution
		HideSolutionNode = FALSE
	EndGlobalSection
	GlobalSection(ExtensibilityGlobals) = postSolution
		SolutionGuid = {F931B1FE-A6F8-4F57-9217-C6DB81CF6D75}
	EndGlobalSection
EndGlobal
