
Microsoft Visual Studio Solution File, Format Version 12.00
# Visual Studio Version 17
VisualStudioVersion = 17.5.33414.496
MinimumVisualStudioVersion = 10.0.40219.1
Project("{FAE04EC0-301F-11D3-BF4B-00C04F79EFBC}") = "ConsoleAppVetorBi", "ConsoleAppVetorBi\ConsoleAppVetorBi.csproj", "{76B9409D-7C31-4D86-BBF6-55306243478B}"
EndProject
Global
	GlobalSection(SolutionConfigurationPlatforms) = preSolution
		Debug|Any CPU = Debug|Any CPU
		Release|Any CPU = Release|Any CPU
	EndGlobalSection
	GlobalSection(ProjectConfigurationPlatforms) = postSolution
		{76B9409D-7C31-4D86-BBF6-55306243478B}.Debug|Any CPU.ActiveCfg = Debug|Any CPU
		{76B9409D-7C31-4D86-BBF6-55306243478B}.Debug|Any CPU.Build.0 = Debug|Any CPU
		{76B9409D-7C31-4D86-BBF6-55306243478B}.Release|Any CPU.ActiveCfg = Release|Any CPU
		{76B9409D-7C31-4D86-BBF6-55306243478B}.Release|Any CPU.Build.0 = Release|Any CPU
	EndGlobalSection
	GlobalSection(SolutionProperties) = preSolution
		HideSolutionNode = FALSE
	EndGlobalSection
	GlobalSection(ExtensibilityGlobals) = postSolution
		SolutionGuid = {DF163E98-EB4A-4C51-975F-0958DF8D3901}
	EndGlobalSection
EndGlobal
